
Microsoft Visual Studio Solution File, Format Version 12.00
# Visual Studio 14
VisualStudioVersion = 14.0.25420.1
MinimumVisualStudioVersion = 10.0.40219.1
Project("{FAE04EC0-301F-11D3-BF4B-00C04F79EFBC}") = "Coderbyte017QuestionMarks", "Coderbyte017QuestionMarks\Coderbyte017QuestionMarks.csproj", "{6180225D-B203-4668-A6A2-C2FA76BD5CF8}"
EndProject
Global
	GlobalSection(SolutionConfigurationPlatforms) = preSolution
		Debug|Any CPU = Debug|Any CPU
		Release|Any CPU = Release|Any CPU
	EndGlobalSection
	GlobalSection(ProjectConfigurationPlatforms) = postSolution
		{6180225D-B203-4668-A6A2-C2FA76BD5CF8}.Debug|Any CPU.ActiveCfg = Debug|Any CPU
		{6180225D-B203-4668-A6A2-C2FA76BD5CF8}.Debug|Any CPU.Build.0 = Debug|Any CPU
		{6180225D-B203-4668-A6A2-C2FA76BD5CF8}.Release|Any CPU.ActiveCfg = Release|Any CPU
		{6180225D-B203-4668-A6A2-C2FA76BD5CF8}.Release|Any CPU.Build.0 = Release|Any CPU
	EndGlobalSection
	GlobalSection(SolutionProperties) = preSolution
		HideSolutionNode = FALSE
	EndGlobalSection
EndGlobal
